// !$*UTF8*$!
{
	archiveVersion = 1;
	classes = {
	};
	objectVersion = 55;
	objects = {

/* Begin PBXBuildFile section */
		6E35F7BD28A206B2004FDD24 /* AppDelegate.swift in Sources */ = {isa = PBXBuildFile; fileRef = 6E35F7BC28A206B2004FDD24 /* AppDelegate.swift */; };
		6E35F7BF28A206B2004FDD24 /* SceneDelegate.swift in Sources */ = {isa = PBXBuildFile; fileRef = 6E35F7BE28A206B2004FDD24 /* SceneDelegate.swift */; };
		6E35F7C128A206B2004FDD24 /* ViewController.swift in Sources */ = {isa = PBXBuildFile; fileRef = 6E35F7C028A206B2004FDD24 /* ViewController.swift */; };
		6E35F7C428A206B2004FDD24 /* Main.storyboard in Resources */ = {isa = PBXBuildFile; fileRef = 6E35F7C228A206B2004FDD24 /* Main.storyboard */; };
		6E35F7C728A206B2004FDD24 /* ConservEd_FinalAppDev2022.xcdatamodeld in Sources */ = {isa = PBXBuildFile; fileRef = 6E35F7C528A206B2004FDD24 /* ConservEd_FinalAppDev2022.xcdatamodeld */; };
		6E35F7C928A206B2004FDD24 /* Assets.xcassets in Resources */ = {isa = PBXBuildFile; fileRef = 6E35F7C828A206B2004FDD24 /* Assets.xcassets */; };
		6E35F7CC28A206B2004FDD24 /* LaunchScreen.storyboard in Resources */ = {isa = PBXBuildFile; fileRef = 6E35F7CA28A206B2004FDD24 /* LaunchScreen.storyboard */; };
		6E35F7D728A206B2004FDD24 /* ConservEd_FinalAppDev2022Tests.swift in Sources */ = {isa = PBXBuildFile; fileRef = 6E35F7D628A206B2004FDD24 /* ConservEd_FinalAppDev2022Tests.swift */; };
		6E35F7E128A206B3004FDD24 /* ConservEd_FinalAppDev2022UITests.swift in Sources */ = {isa = PBXBuildFile; fileRef = 6E35F7E028A206B3004FDD24 /* ConservEd_FinalAppDev2022UITests.swift */; };
		6E35F7E328A206B3004FDD24 /* ConservEd_FinalAppDev2022UITestsLaunchTests.swift in Sources */ = {isa = PBXBuildFile; fileRef = 6E35F7E228A206B3004FDD24 /* ConservEd_FinalAppDev2022UITestsLaunchTests.swift */; };
/* End PBXBuildFile section */

/* Begin PBXContainerItemProxy section */
		6E35F7D328A206B2004FDD24 /* PBXContainerItemProxy */ = {
			isa = PBXContainerItemProxy;
			containerPortal = 6E35F7B128A206B2004FDD24 /* Project object */;
			proxyType = 1;
			remoteGlobalIDString = 6E35F7B828A206B2004FDD24;
			remoteInfo = ConservEd_FinalAppDev2022;
		};
		6E35F7DD28A206B2004FDD24 /* PBXContainerItemProxy */ = {
			isa = PBXContainerItemProxy;
			containerPortal = 6E35F7B128A206B2004FDD24 /* Project object */;
			proxyType = 1;
			remoteGlobalIDString = 6E35F7B828A206B2004FDD24;
			remoteInfo = ConservEd_FinalAppDev2022;
		};
/* End PBXContainerItemProxy section */

/* Begin PBXFileReference section */
		6E35F7B928A206B2004FDD24 /* ConservEd_FinalAppDev2022.app */ = {isa = PBXFileReference; explicitFileType = wrapper.application; includeInIndex = 0; path = ConservEd_FinalAppDev2022.app; sourceTree = BUILT_PRODUCTS_DIR; };
		6E35F7BC28A206B2004FDD24 /* AppDelegate.swift */ = {isa = PBXFileReference; lastKnownFileType = sourcecode.swift; path = AppDelegate.swift; sourceTree = "<group>"; };
		6E35F7BE28A206B2004FDD24 /* SceneDelegate.swift */ = {isa = PBXFileReference; lastKnownFileType = sourcecode.swift; path = SceneDelegate.swift; sourceTree = "<group>"; };
		6E35F7C028A206B2004FDD24 /* ViewController.swift */ = {isa = PBXFileReference; lastKnownFileType = sourcecode.swift; path = ViewController.swift; sourceTree = "<group>"; };
		6E35F7C328A206B2004FDD24 /* Base */ = {isa = PBXFileReference; lastKnownFileType = file.storyboard; name = Base; path = Base.lproj/Main.storyboard; sourceTree = "<group>"; };
		6E35F7C628A206B2004FDD24 /* ConservEd_FinalAppDev2022.xcdatamodel */ = {isa = PBXFileReference; lastKnownFileType = wrapper.xcdatamodel; path = ConservEd_FinalAppDev2022.xcdatamodel; sourceTree = "<group>"; };
		6E35F7C828A206B2004FDD24 /* Assets.xcassets */ = {isa = PBXFileReference; lastKnownFileType = folder.assetcatalog; path = Assets.xcassets; sourceTree = "<group>"; };
		6E35F7CB28A206B2004FDD24 /* Base */ = {isa = PBXFileReference; lastKnownFileType = file.storyboard; name = Base; path = Base.lproj/LaunchScreen.storyboard; sourceTree = "<group>"; };
		6E35F7CD28A206B2004FDD24 /* Info.plist */ = {isa = PBXFileReference; lastKnownFileType = text.plist.xml; path = Info.plist; sourceTree = "<group>"; };
		6E35F7D228A206B2004FDD24 /* ConservEd_FinalAppDev2022Tests.xctest */ = {isa = PBXFileReference; explicitFileType = wrapper.cfbundle; includeInIndex = 0; path = ConservEd_FinalAppDev2022Tests.xctest; sourceTree = BUILT_PRODUCTS_DIR; };
		6E35F7D628A206B2004FDD24 /* ConservEd_FinalAppDev2022Tests.swift */ = {isa = PBXFileReference; lastKnownFileType = sourcecode.swift; path = ConservEd_FinalAppDev2022Tests.swift; sourceTree = "<group>"; };
		6E35F7DC28A206B2004FDD24 /* ConservEd_FinalAppDev2022UITests.xctest */ = {isa = PBXFileReference; explicitFileType = wrapper.cfbundle; includeInIndex = 0; path = ConservEd_FinalAppDev2022UITests.xctest; sourceTree = BUILT_PRODUCTS_DIR; };
		6E35F7E028A206B3004FDD24 /* ConservEd_FinalAppDev2022UITests.swift */ = {isa = PBXFileReference; lastKnownFileType = sourcecode.swift; path = ConservEd_FinalAppDev2022UITests.swift; sourceTree = "<group>"; };
		6E35F7E228A206B3004FDD24 /* ConservEd_FinalAppDev2022UITestsLaunchTests.swift */ = {isa = PBXFileReference; lastKnownFileType = sourcecode.swift; path = ConservEd_FinalAppDev2022UITestsLaunchTests.swift; sourceTree = "<group>"; };
/* End PBXFileReference section */

/* Begin PBXFrameworksBuildPhase section */
		6E35F7B628A206B2004FDD24 /* Frameworks */ = {
			isa = PBXFrameworksBuildPhase;
			buildActionMask = 2147483647;
			files = (
			);
			runOnlyForDeploymentPostprocessing = 0;
		};
		6E35F7CF28A206B2004FDD24 /* Frameworks */ = {
			isa = PBXFrameworksBuildPhase;
			buildActionMask = 2147483647;
			files = (
			);
			runOnlyForDeploymentPostprocessing = 0;
		};
		6E35F7D928A206B2004FDD24 /* Frameworks */ = {
			isa = PBXFrameworksBuildPhase;
			buildActionMask = 2147483647;
			files = (
			);
			runOnlyForDeploymentPostprocessing = 0;
		};
/* End PBXFrameworksBuildPhase section */

/* Begin PBXGroup section */
		6E35F7B028A206B2004FDD24 = {
			isa = PBXGroup;
			children = (
				6E35F7BB28A206B2004FDD24 /* ConservEd_FinalAppDev2022 */,
				6E35F7D528A206B2004FDD24 /* ConservEd_FinalAppDev2022Tests */,
				6E35F7DF28A206B3004FDD24 /* ConservEd_FinalAppDev2022UITests */,
				6E35F7BA28A206B2004FDD24 /* Products */,
			);
			sourceTree = "<group>";
		};
		6E35F7BA28A206B2004FDD24 /* Products */ = {
			isa = PBXGroup;
			children = (
				6E35F7B928A206B2004FDD24 /* ConservEd_FinalAppDev2022.app */,
				6E35F7D228A206B2004FDD24 /* ConservEd_FinalAppDev2022Tests.xctest */,
				6E35F7DC28A206B2004FDD24 /* ConservEd_FinalAppDev2022UITests.xctest */,
			);
			name = Products;
			sourceTree = "<group>";
		};
		6E35F7BB28A206B2004FDD24 /* ConservEd_FinalAppDev2022 */ = {
			isa = PBXGroup;
			children = (
				6E35F7BC28A206B2004FDD24 /* AppDelegate.swift */,
				6E35F7BE28A206B2004FDD24 /* SceneDelegate.swift */,
				6E35F7C028A206B2004FDD24 /* ViewController.swift */,
				6E35F7C228A206B2004FDD24 /* Main.storyboard */,
				6E35F7C828A206B2004FDD24 /* Assets.xcassets */,
				6E35F7CA28A206B2004FDD24 /* LaunchScreen.storyboard */,
				6E35F7CD28A206B2004FDD24 /* Info.plist */,
				6E35F7C528A206B2004FDD24 /* ConservEd_FinalAppDev2022.xcdatamodeld */,
			);
			path = ConservEd_FinalAppDev2022;
			sourceTree = "<group>";
		};
		6E35F7D528A206B2004FDD24 /* ConservEd_FinalAppDev2022Tests */ = {
			isa = PBXGroup;
			children = (
				6E35F7D628A206B2004FDD24 /* ConservEd_FinalAppDev2022Tests.swift */,
			);
			path = ConservEd_FinalAppDev2022Tests;
			sourceTree = "<group>";
		};
		6E35F7DF28A206B3004FDD24 /* ConservEd_FinalAppDev2022UITests */ = {
			isa = PBXGroup;
			children = (
				6E35F7E028A206B3004FDD24 /* ConservEd_FinalAppDev2022UITests.swift */,
				6E35F7E228A206B3004FDD24 /* ConservEd_FinalAppDev2022UITestsLaunchTests.swift */,
			);
			path = ConservEd_FinalAppDev2022UITests;
			sourceTree = "<group>";
		};
/* End PBXGroup section */

/* Begin PBXNativeTarget section */
		6E35F7B828A206B2004FDD24 /* ConservEd_FinalAppDev2022 */ = {
			isa = PBXNativeTarget;
			buildConfigurationList = 6E35F7E628A206B3004FDD24 /* Build configuration list for PBXNativeTarget "ConservEd_FinalAppDev2022" */;
			buildPhases = (
				6E35F7B528A206B2004FDD24 /* Sources */,
				6E35F7B628A206B2004FDD24 /* Frameworks */,
				6E35F7B728A206B2004FDD24 /* Resources */,
			);
			buildRules = (
			);
			dependencies = (
			);
			name = ConservEd_FinalAppDev2022;
			productName = ConservEd_FinalAppDev2022;
			productReference = 6E35F7B928A206B2004FDD24 /* ConservEd_FinalAppDev2022.app */;
			productType = "com.apple.product-type.application";
		};
		6E35F7D128A206B2004FDD24 /* ConservEd_FinalAppDev2022Tests */ = {
			isa = PBXNativeTarget;
			buildConfigurationList = 6E35F7E928A206B3004FDD24 /* Build configuration list for PBXNativeTarget "ConservEd_FinalAppDev2022Tests" */;
			buildPhases = (
				6E35F7CE28A206B2004FDD24 /* Sources */,
				6E35F7CF28A206B2004FDD24 /* Frameworks */,
				6E35F7D028A206B2004FDD24 /* Resources */,
			);
			buildRules = (
			);
			dependencies = (
				6E35F7D428A206B2004FDD24 /* PBXTargetDependency */,
			);
			name = ConservEd_FinalAppDev2022Tests;
			productName = ConservEd_FinalAppDev2022Tests;
			productReference = 6E35F7D228A206B2004FDD24 /* ConservEd_FinalAppDev2022Tests.xctest */;
			productType = "com.apple.product-type.bundle.unit-test";
		};
		6E35F7DB28A206B2004FDD24 /* ConservEd_FinalAppDev2022UITests */ = {
			isa = PBXNativeTarget;
			buildConfigurationList = 6E35F7EC28A206B3004FDD24 /* Build configuration list for PBXNativeTarget "ConservEd_FinalAppDev2022UITests" */;
			buildPhases = (
				6E35F7D828A206B2004FDD24 /* Sources */,
				6E35F7D928A206B2004FDD24 /* Frameworks */,
				6E35F7DA28A206B2004FDD24 /* Resources */,
			);
			buildRules = (
			);
			dependencies = (
				6E35F7DE28A206B2004FDD24 /* PBXTargetDependency */,
			);
			name = ConservEd_FinalAppDev2022UITests;
			productName = ConservEd_FinalAppDev2022UITests;
			productReference = 6E35F7DC28A206B2004FDD24 /* ConservEd_FinalAppDev2022UITests.xctest */;
			productType = "com.apple.product-type.bundle.ui-testing";
		};
/* End PBXNativeTarget section */

/* Begin PBXProject section */
		6E35F7B128A206B2004FDD24 /* Project object */ = {
			isa = PBXProject;
			attributes = {
				BuildIndependentTargetsInParallel = 1;
				LastSwiftUpdateCheck = 1340;
				LastUpgradeCheck = 1340;
				TargetAttributes = {
					6E35F7B828A206B2004FDD24 = {
						CreatedOnToolsVersion = 13.4.1;
					};
					6E35F7D128A206B2004FDD24 = {
						CreatedOnToolsVersion = 13.4.1;
						TestTargetID = 6E35F7B828A206B2004FDD24;
					};
					6E35F7DB28A206B2004FDD24 = {
						CreatedOnToolsVersion = 13.4.1;
						TestTargetID = 6E35F7B828A206B2004FDD24;
					};
				};
			};
			buildConfigurationList = 6E35F7B428A206B2004FDD24 /* Build configuration list for PBXProject "ConservEd_FinalAppDev2022" */;
			compatibilityVersion = "Xcode 13.0";
			developmentRegion = en;
			hasScannedForEncodings = 0;
			knownRegions = (
				en,
				Base,
			);
			mainGroup = 6E35F7B028A206B2004FDD24;
			productRefGroup = 6E35F7BA28A206B2004FDD24 /* Products */;
			projectDirPath = "";
			projectRoot = "";
			targets = (
				6E35F7B828A206B2004FDD24 /* ConservEd_FinalAppDev2022 */,
				6E35F7D128A206B2004FDD24 /* ConservEd_FinalAppDev2022Tests */,
				6E35F7DB28A206B2004FDD24 /* ConservEd_FinalAppDev2022UITests */,
			);
		};
/* End PBXProject section */

/* Begin PBXResourcesBuildPhase section */
		6E35F7B728A206B2004FDD24 /* Resources */ = {
			isa = PBXResourcesBuildPhase;
			buildActionMask = 2147483647;
			files = (
				6E35F7CC28A206B2004FDD24 /* LaunchScreen.storyboard in Resources */,
				6E35F7C928A206B2004FDD24 /* Assets.xcassets in Resources */,
				6E35F7C428A206B2004FDD24 /* Main.storyboard in Resources */,
			);
			runOnlyForDeploymentPostprocessing = 0;
		};
		6E35F7D028A206B2004FDD24 /* Resources */ = {
			isa = PBXResourcesBuildPhase;
			buildActionMask = 2147483647;
			files = (
			);
			runOnlyForDeploymentPostprocessing = 0;
		};
		6E35F7DA28A206B2004FDD24 /* Resources */ = {
			isa = PBXResourcesBuildPhase;
			buildActionMask = 2147483647;
			files = (
			);
			runOnlyForDeploymentPostprocessing = 0;
		};
/* End PBXResourcesBuildPhase section */

/* Begin PBXSourcesBuildPhase section */
		6E35F7B528A206B2004FDD24 /* Sources */ = {
			isa = PBXSourcesBuildPhase;
			buildActionMask = 2147483647;
			files = (
				6E35F7C128A206B2004FDD24 /* ViewController.swift in Sources */,
				6E35F7BD28A206B2004FDD24 /* AppDelegate.swift in Sources */,
				6E35F7C728A206B2004FDD24 /* ConservEd_FinalAppDev2022.xcdatamodeld in Sources */,
				6E35F7BF28A206B2004FDD24 /* SceneDelegate.swift in Sources */,
			);
			runOnlyForDeploymentPostprocessing = 0;
		};
		6E35F7CE28A206B2004FDD24 /* Sources */ = {
			isa = PBXSourcesBuildPhase;
			buildActionMask = 2147483647;
			files = (
				6E35F7D728A206B2004FDD24 /* ConservEd_FinalAppDev2022Tests.swift in Sources */,
			);
			runOnlyForDeploymentPostprocessing = 0;
		};
		6E35F7D828A206B2004FDD24 /* Sources */ = {
			isa = PBXSourcesBuildPhase;
			buildActionMask = 2147483647;
			files = (
				6E35F7E128A206B3004FDD24 /* ConservEd_FinalAppDev2022UITests.swift in Sources */,
				6E35F7E328A206B3004FDD24 /* ConservEd_FinalAppDev2022UITestsLaunchTests.swift in Sources */,
			);
			runOnlyForDeploymentPostprocessing = 0;
		};
/* End PBXSourcesBuildPhase section */

/* Begin PBXTargetDependency section */
		6E35F7D428A206B2004FDD24 /* PBXTargetDependency */ = {
			isa = PBXTargetDependency;
			target = 6E35F7B828A206B2004FDD24 /* ConservEd_FinalAppDev2022 */;
			targetProxy = 6E35F7D328A206B2004FDD24 /* PBXContainerItemProxy */;
		};
		6E35F7DE28A206B2004FDD24 /* PBXTargetDependency */ = {
			isa = PBXTargetDependency;
			target = 6E35F7B828A206B2004FDD24 /* ConservEd_FinalAppDev2022 */;
			targetProxy = 6E35F7DD28A206B2004FDD24 /* PBXContainerItemProxy */;
		};
/* End PBXTargetDependency section */

/* Begin PBXVariantGroup section */
		6E35F7C228A206B2004FDD24 /* Main.storyboard */ = {
			isa = PBXVariantGroup;
			children = (
				6E35F7C328A206B2004FDD24 /* Base */,
			);
			name = Main.storyboard;
			sourceTree = "<group>";
		};
		6E35F7CA28A206B2004FDD24 /* LaunchScreen.storyboard */ = {
			isa = PBXVariantGroup;
			children = (
				6E35F7CB28A206B2004FDD24 /* Base */,
			);
			name = LaunchScreen.storyboard;
			sourceTree = "<group>";
		};
/* End PBXVariantGroup section */

/* Begin XCBuildConfiguration section */
		6E35F7E428A206B3004FDD24 /* Debug */ = {
			isa = XCBuildConfiguration;
			buildSettings = {
				ALWAYS_SEARCH_USER_PATHS = NO;
				CLANG_ANALYZER_NONNULL = YES;
				CLANG_ANALYZER_NUMBER_OBJECT_CONVERSION = YES_AGGRESSIVE;
				CLANG_CXX_LANGUAGE_STANDARD = "gnu++17";
				CLANG_ENABLE_MODULES = YES;
				CLANG_ENABLE_OBJC_ARC = YES;
				CLANG_ENABLE_OBJC_WEAK = YES;
				CLANG_WARN_BLOCK_CAPTURE_AUTORELEASING = YES;
				CLANG_WARN_BOOL_CONVERSION = YES;
				CLANG_WARN_COMMA = YES;
				CLANG_WARN_CONSTANT_CONVERSION = YES;
				CLANG_WARN_DEPRECATED_OBJC_IMPLEMENTATIONS = YES;
				CLANG_WARN_DIRECT_OBJC_ISA_USAGE = YES_ERROR;
				CLANG_WARN_DOCUMENTATION_COMMENTS = YES;
				CLANG_WARN_EMPTY_BODY = YES;
				CLANG_WARN_ENUM_CONVERSION = YES;
				CLANG_WARN_INFINITE_RECURSION = YES;
				CLANG_WARN_INT_CONVERSION = YES;
				CLANG_WARN_NON_LITERAL_NULL_CONVERSION = YES;
				CLANG_WARN_OBJC_IMPLICIT_RETAIN_SELF = YES;
				CLANG_WARN_OBJC_LITERAL_CONVERSION = YES;
				CLANG_WARN_OBJC_ROOT_CLASS = YES_ERROR;
				CLANG_WARN_QUOTED_INCLUDE_IN_FRAMEWORK_HEADER = YES;
				CLANG_WARN_RANGE_LOOP_ANALYSIS = YES;
				CLANG_WARN_STRICT_PROTOTYPES = YES;
				CLANG_WARN_SUSPICIOUS_MOVE = YES;
				CLANG_WARN_UNGUARDED_AVAILABILITY = YES_AGGRESSIVE;
				CLANG_WARN_UNREACHABLE_CODE = YES;
				CLANG_WARN__DUPLICATE_METHOD_MATCH = YES;
				COPY_PHASE_STRIP = NO;
				DEBUG_INFORMATION_FORMAT = dwarf;
				ENABLE_STRICT_OBJC_MSGSEND = YES;
				ENABLE_TESTABILITY = YES;
				GCC_C_LANGUAGE_STANDARD = gnu11;
				GCC_DYNAMIC_NO_PIC = NO;
				GCC_NO_COMMON_BLOCKS = YES;
				GCC_OPTIMIZATION_LEVEL = 0;
				GCC_PREPROCESSOR_DEFINITIONS = (
					"DEBUG=1",
					"$(inherited)",
				);
				GCC_WARN_64_TO_32_BIT_CONVERSION = YES;
				GCC_WARN_ABOUT_RETURN_TYPE = YES_ERROR;
				GCC_WARN_UNDECLARED_SELECTOR = YES;
				GCC_WARN_UNINITIALIZED_AUTOS = YES_AGGRESSIVE;
				GCC_WARN_UNUSED_FUNCTION = YES;
				GCC_WARN_UNUSED_VARIABLE = YES;
				IPHONEOS_DEPLOYMENT_TARGET = 15.5;
				MTL_ENABLE_DEBUG_INFO = INCLUDE_SOURCE;
				MTL_FAST_MATH = YES;
				ONLY_ACTIVE_ARCH = YES;
				SDKROOT = iphoneos;
				SWIFT_ACTIVE_COMPILATION_CONDITIONS = DEBUG;
				SWIFT_OPTIMIZATION_LEVEL = "-Onone";
			};
			name = Debug;
		};
		6E35F7E528A206B3004FDD24 /* Release */ = {
			isa = XCBuildConfiguration;
			buildSettings = {
				ALWAYS_SEARCH_USER_PATHS = NO;
				CLANG_ANALYZER_NONNULL = YES;
				CLANG_ANALYZER_NUMBER_OBJECT_CONVERSION = YES_AGGRESSIVE;
				CLANG_CXX_LANGUAGE_STANDARD = "gnu++17";
				CLANG_ENABLE_MODULES = YES;
				CLANG_ENABLE_OBJC_ARC = YES;
				CLANG_ENABLE_OBJC_WEAK = YES;
				CLANG_WARN_BLOCK_CAPTURE_AUTORELEASING = YES;
				CLANG_WARN_BOOL_CONVERSION = YES;
				CLANG_WARN_COMMA = YES;
				CLANG_WARN_CONSTANT_CONVERSION = YES;
				CLANG_WARN_DEPRECATED_OBJC_IMPLEMENTATIONS = YES;
				CLANG_WARN_DIRECT_OBJC_ISA_USAGE = YES_ERROR;
				CLANG_WARN_DOCUMENTATION_COMMENTS = YES;
				CLANG_WARN_EMPTY_BODY = YES;
				CLANG_WARN_ENUM_CONVERSION = YES;
				CLANG_WARN_INFINITE_RECURSION = YES;
				CLANG_WARN_INT_CONVERSION = YES;
				CLANG_WARN_NON_LITERAL_NULL_CONVERSION = YES;
				CLANG_WARN_OBJC_IMPLICIT_RETAIN_SELF = YES;
				CLANG_WARN_OBJC_LITERAL_CONVERSION = YES;
				CLANG_WARN_OBJC_ROOT_CLASS = YES_ERROR;
				CLANG_WARN_QUOTED_INCLUDE_IN_FRAMEWORK_HEADER = YES;
				CLANG_WARN_RANGE_LOOP_ANALYSIS = YES;
				CLANG_WARN_STRICT_PROTOTYPES = YES;
				CLANG_WARN_SUSPICIOUS_MOVE = YES;
				CLANG_WARN_UNGUARDED_AVAILABILITY = YES_AGGRESSIVE;
				CLANG_WARN_UNREACHABLE_CODE = YES;
				CLANG_WARN__DUPLICATE_METHOD_MATCH = YES;
				COPY_PHASE_STRIP = NO;
				DEBUG_INFORMATION_FORMAT = "dwarf-with-dsym";
				ENABLE_NS_ASSERTIONS = NO;
				ENABLE_STRICT_OBJC_MSGSEND = YES;
				GCC_C_LANGUAGE_STANDARD = gnu11;
				GCC_NO_COMMON_BLOCKS = YES;
				GCC_WARN_64_TO_32_BIT_CONVERSION = YES;
				GCC_WARN_ABOUT_RETURN_TYPE = YES_ERROR;
				GCC_WARN_UNDECLARED_SELECTOR = YES;
				GCC_WARN_UNINITIALIZED_AUTOS = YES_AGGRESSIVE;
				GCC_WARN_UNUSED_FUNCTION = YES;
				GCC_WARN_UNUSED_VARIABLE = YES;
				IPHONEOS_DEPLOYMENT_TARGET = 15.5;
				MTL_ENABLE_DEBUG_INFO = NO;
				MTL_FAST_MATH = YES;
				SDKROOT = iphoneos;
				SWIFT_COMPILATION_MODE = wholemodule;
				SWIFT_OPTIMIZATION_LEVEL = "-O";
				VALIDATE_PRODUCT = YES;
			};
			name = Release;
		};
		6E35F7E728A206B3004FDD24 /* Debug */ = {
			isa = XCBuildConfiguration;
			buildSettings = {
				ASSETCATALOG_COMPILER_APPICON_NAME = AppIcon;
				ASSETCATALOG_COMPILER_GLOBAL_ACCENT_COLOR_NAME = AccentColor;
				CODE_SIGN_STYLE = Automatic;
				CURRENT_PROJECT_VERSION = 1;
				GENERATE_INFOPLIST_FILE = YES;
				INFOPLIST_FILE = ConservEd_FinalAppDev2022/Info.plist;
				INFOPLIST_KEY_UIApplicationSupportsIndirectInputEvents = YES;
				INFOPLIST_KEY_UILaunchStoryboardName = LaunchScreen;
				INFOPLIST_KEY_UIMainStoryboardFile = Main;
				INFOPLIST_KEY_UISupportedInterfaceOrientations_iPad = "UIInterfaceOrientationPortrait UIInterfaceOrientationPortraitUpsideDown UIInterfaceOrientationLandscapeLeft UIInterfaceOrientationLandscapeRight";
				INFOPLIST_KEY_UISupportedInterfaceOrientations_iPhone = "UIInterfaceOrientationPortrait UIInterfaceOrientationLandscapeLeft UIInterfaceOrientationLandscapeRight";
				LD_RUNPATH_SEARCH_PATHS = (
					"$(inherited)",
					"@executable_path/Frameworks",
				);
				MARKETING_VERSION = 1.0;
				PRODUCT_BUNDLE_IDENTIFIER = "KWK.ConservEd-FinalAppDev2022";
				PRODUCT_NAME = "$(TARGET_NAME)";
				SWIFT_EMIT_LOC_STRINGS = YES;
				SWIFT_VERSION = 5.0;
				TARGETED_DEVICE_FAMILY = "1,2";
			};
			name = Debug;
		};
		6E35F7E828A206B3004FDD24 /* Release */ = {
			isa = XCBuildConfiguration;
			buildSettings = {
				ASSETCATALOG_COMPILER_APPICON_NAME = AppIcon;
				ASSETCATALOG_COMPILER_GLOBAL_ACCENT_COLOR_NAME = AccentColor;
				CODE_SIGN_STYLE = Automatic;
				CURRENT_PROJECT_VERSION = 1;
				GENERATE_INFOPLIST_FILE = YES;
				INFOPLIST_FILE = ConservEd_FinalAppDev2022/Info.plist;
				INFOPLIST_KEY_UIApplicationSupportsIndirectInputEvents = YES;
				INFOPLIST_KEY_UILaunchStoryboardName = LaunchScreen;
				INFOPLIST_KEY_UIMainStoryboardFile = Main;
				INFOPLIST_KEY_UISupportedInterfaceOrientations_iPad = "UIInterfaceOrientationPortrait UIInterfaceOrientationPortraitUpsideDown UIInterfaceOrientationLandscapeLeft UIInterfaceOrientationLandscapeRight";
				INFOPLIST_KEY_UISupportedInterfaceOrientations_iPhone = "UIInterfaceOrientationPortrait UIInterfaceOrientationLandscapeLeft UIInterfaceOrientationLandscapeRight";
				LD_RUNPATH_SEARCH_PATHS = (
					"$(inherited)",
					"@executable_path/Frameworks",
				);
				MARKETING_VERSION = 1.0;
				PRODUCT_BUNDLE_IDENTIFIER = "KWK.ConservEd-FinalAppDev2022";
				PRODUCT_NAME = "$(TARGET_NAME)";
				SWIFT_EMIT_LOC_STRINGS = YES;
				SWIFT_VERSION = 5.0;
				TARGETED_DEVICE_FAMILY = "1,2";
			};
			name = Release;
		};
		6E35F7EA28A206B3004FDD24 /* Debug */ = {
			isa = XCBuildConfiguration;
			buildSettings = {
				ALWAYS_EMBED_SWIFT_STANDARD_LIBRARIES = YES;
				BUNDLE_LOADER = "$(TEST_HOST)";
				CODE_SIGN_STYLE = Automatic;
				CURRENT_PROJECT_VERSION = 1;
				GENERATE_INFOPLIST_FILE = YES;
				IPHONEOS_DEPLOYMENT_TARGET = 15.5;
				MARKETING_VERSION = 1.0;
				PRODUCT_BUNDLE_IDENTIFIER = "KWK.ConservEd-FinalAppDev2022Tests";
				PRODUCT_NAME = "$(TARGET_NAME)";
				SWIFT_EMIT_LOC_STRINGS = NO;
				SWIFT_VERSION = 5.0;
				TARGETED_DEVICE_FAMILY = "1,2";
				TEST_HOST = "$(BUILT_PRODUCTS_DIR)/ConservEd_FinalAppDev2022.app/ConservEd_FinalAppDev2022";
			};
			name = Debug;
		};
		6E35F7EB28A206B3004FDD24 /* Release */ = {
			isa = XCBuildConfiguration;
			buildSettings = {
				ALWAYS_EMBED_SWIFT_STANDARD_LIBRARIES = YES;
				BUNDLE_LOADER = "$(TEST_HOST)";
				CODE_SIGN_STYLE = Automatic;
				CURRENT_PROJECT_VERSION = 1;
				GENERATE_INFOPLIST_FILE = YES;
				IPHONEOS_DEPLOYMENT_TARGET = 15.5;
				MARKETING_VERSION = 1.0;
				PRODUCT_BUNDLE_IDENTIFIER = "KWK.ConservEd-FinalAppDev2022Tests";
				PRODUCT_NAME = "$(TARGET_NAME)";
				SWIFT_EMIT_LOC_STRINGS = NO;
				SWIFT_VERSION = 5.0;
				TARGETED_DEVICE_FAMILY = "1,2";
				TEST_HOST = "$(BUILT_PRODUCTS_DIR)/ConservEd_FinalAppDev2022.app/ConservEd_FinalAppDev2022";
			};
			name = Release;
		};
		6E35F7ED28A206B3004FDD24 /* Debug */ = {
			isa = XCBuildConfiguration;
			buildSettings = {
				ALWAYS_EMBED_SWIFT_STANDARD_LIBRARIES = YES;
				CODE_SIGN_STYLE = Automatic;
				CURRENT_PROJECT_VERSION = 1;
				GENERATE_INFOPLIST_FILE = YES;
				MARKETING_VERSION = 1.0;
				PRODUCT_BUNDLE_IDENTIFIER = "KWK.ConservEd-FinalAppDev2022UITests";
				PRODUCT_NAME = "$(TARGET_NAME)";
				SWIFT_EMIT_LOC_STRINGS = NO;
				SWIFT_VERSION = 5.0;
				TARGETED_DEVICE_FAMILY = "1,2";
				TEST_TARGET_NAME = ConservEd_FinalAppDev2022;
			};
			name = Debug;
		};
		6E35F7EE28A206B3004FDD24 /* Release */ = {
			isa = XCBuildConfiguration;
			buildSettings = {
				ALWAYS_EMBED_SWIFT_STANDARD_LIBRARIES = YES;
				CODE_SIGN_STYLE = Automatic;
				CURRENT_PROJECT_VERSION = 1;
				GENERATE_INFOPLIST_FILE = YES;
				MARKETING_VERSION = 1.0;
				PRODUCT_BUNDLE_IDENTIFIER = "KWK.ConservEd-FinalAppDev2022UITests";
				PRODUCT_NAME = "$(TARGET_NAME)";
				SWIFT_EMIT_LOC_STRINGS = NO;
				SWIFT_VERSION = 5.0;
				TARGETED_DEVICE_FAMILY = "1,2";
				TEST_TARGET_NAME = ConservEd_FinalAppDev2022;
			};
			name = Release;
		};
/* End XCBuildConfiguration section */

/* Begin XCConfigurationList section */
		6E35F7B428A206B2004FDD24 /* Build configuration list for PBXProject "ConservEd_FinalAppDev2022" */ = {
			isa = XCConfigurationList;
			buildConfigurations = (
				6E35F7E428A206B3004FDD24 /* Debug */,
				6E35F7E528A206B3004FDD24 /* Release */,
			);
			defaultConfigurationIsVisible = 0;
			defaultConfigurationName = Release;
		};
		6E35F7E628A206B3004FDD24 /* Build configuration list for PBXNativeTarget "ConservEd_FinalAppDev2022" */ = {
			isa = XCConfigurationList;
			buildConfigurations = (
				6E35F7E728A206B3004FDD24 /* Debug */,
				6E35F7E828A206B3004FDD24 /* Release */,
			);
			defaultConfigurationIsVisible = 0;
			defaultConfigurationName = Release;
		};
		6E35F7E928A206B3004FDD24 /* Build configuration list for PBXNativeTarget "ConservEd_FinalAppDev2022Tests" */ = {
			isa = XCConfigurationList;
			buildConfigurations = (
				6E35F7EA28A206B3004FDD24 /* Debug */,
				6E35F7EB28A206B3004FDD24 /* Release */,
			);
			defaultConfigurationIsVisible = 0;
			defaultConfigurationName = Release;
		};
		6E35F7EC28A206B3004FDD24 /* Build configuration list for PBXNativeTarget "ConservEd_FinalAppDev2022UITests" */ = {
			isa = XCConfigurationList;
			buildConfigurations = (
				6E35F7ED28A206B3004FDD24 /* Debug */,
				6E35F7EE28A206B3004FDD24 /* Release */,
			);
			defaultConfigurationIsVisible = 0;
			defaultConfigurationName = Release;
		};
/* End XCConfigurationList section */

/* Begin XCVersionGroup section */
		6E35F7C528A206B2004FDD24 /* ConservEd_FinalAppDev2022.xcdatamodeld */ = {
			isa = XCVersionGroup;
			children = (
				6E35F7C628A206B2004FDD24 /* ConservEd_FinalAppDev2022.xcdatamodel */,
			);
			currentVersion = 6E35F7C628A206B2004FDD24 /* ConservEd_FinalAppDev2022.xcdatamodel */;
			path = ConservEd_FinalAppDev2022.xcdatamodeld;
			sourceTree = "<group>";
			versionGroupType = wrapper.xcdatamodel;
		};
/* End XCVersionGroup section */
	};
	rootObject = 6E35F7B128A206B2004FDD24 /* Project object */;
}
